
Microsoft Visual Studio Solution File, Format Version 12.00
# Visual Studio 14
VisualStudioVersion = 14.0.25420.1
MinimumVisualStudioVersion = 10.0.40219.1
Project("{FAE04EC0-301F-11D3-BF4B-00C04F79EFBC}") = "OrganizadorMusicas.API", "OrganizadorMusicas.API\OrganizadorMusicas.API.csproj", "{46015C69-4DF1-4DB7-8E23-2F8C4F1D4C23}"
EndProject
Project("{FAE04EC0-301F-11D3-BF4B-00C04F79EFBC}") = "OrganizadorMusicas.WEB", "OrganizadorMusicas.WEB\OrganizadorMusicas.WEB.csproj", "{531E25C8-1CA9-4364-B643-58E3F76FF9D4}"
EndProject
Global
	GlobalSection(SolutionConfigurationPlatforms) = preSolution
		Debug|Any CPU = Debug|Any CPU
		Release|Any CPU = Release|Any CPU
	EndGlobalSection
	GlobalSection(ProjectConfigurationPlatforms) = postSolution
		{46015C69-4DF1-4DB7-8E23-2F8C4F1D4C23}.Debug|Any CPU.ActiveCfg = Debug|Any CPU
		{46015C69-4DF1-4DB7-8E23-2F8C4F1D4C23}.Debug|Any CPU.Build.0 = Debug|Any CPU
		{46015C69-4DF1-4DB7-8E23-2F8C4F1D4C23}.Release|Any CPU.ActiveCfg = Release|Any CPU
		{46015C69-4DF1-4DB7-8E23-2F8C4F1D4C23}.Release|Any CPU.Build.0 = Release|Any CPU
		{531E25C8-1CA9-4364-B643-58E3F76FF9D4}.Debug|Any CPU.ActiveCfg = Debug|Any CPU
		{531E25C8-1CA9-4364-B643-58E3F76FF9D4}.Debug|Any CPU.Build.0 = Debug|Any CPU
		{531E25C8-1CA9-4364-B643-58E3F76FF9D4}.Release|Any CPU.ActiveCfg = Release|Any CPU
		{531E25C8-1CA9-4364-B643-58E3F76FF9D4}.Release|Any CPU.Build.0 = Release|Any CPU
	EndGlobalSection
	GlobalSection(SolutionProperties) = preSolution
		HideSolutionNode = FALSE
	EndGlobalSection
EndGlobal
